lockfileVersion: '9.0'

settings:
  autoInstallPeers: true
  excludeLinksFromLockfile: false

importers:

  .:
    dependencies:
      '@vercel/analytics':
        specifier: 1.0.1
        version: 1.0.1
      '@vercel/speed-insights':
        specifier: 1.2.0
        version: 1.2.0(next@14.2.30(react-dom@18.2.0(react@18.2.0))(react@18.2.0))(react@18.2.0)
      country-emoji:
        specifier: 1.5.0
        version: 1.5.0
      next:
        specifier: ^14.2.30
        version: 14.2.30(react-dom@18.2.0(react@18.2.0))(react@18.2.0)
      react:
        specifier: 18.2.0
        version: 18.2.0
      react-dom:
        specifier: 18.2.0
        version: 18.2.0(react@18.2.0)
    devDependencies:
      '@types/node':
        specifier: 16.11.7
        version: 16.11.7
      '@types/react':
        specifier: 18.0.17
        version: 18.0.17
      prettier:
        specifier: 2.8.8
        version: 2.8.8
      typescript:
        specifier: 5.1.3
        version: 5.1.3

packages:

  '@next/env@14.2.30':
    resolution: {integrity: sha512-KBiBKrDY6kxTQWGzKjQB7QirL3PiiOkV7KW98leHFjtVRKtft76Ra5qSA/SL75xT44dp6hOcqiiJ6iievLOYug==}

  '@next/swc-darwin-arm64@14.2.30':
    resolution: {integrity: sha512-EAqfOTb3bTGh9+ewpO/jC59uACadRHM6TSA9DdxJB/6gxOpyV+zrbqeXiFTDy9uV6bmipFDkfpAskeaDcO+7/g==}
    engines: {node: '>= 10'}
    cpu: [arm64]
    os: [darwin]

  '@next/swc-darwin-x64@14.2.30':
    resolution: {integrity: sha512-TyO7Wz1IKE2kGv8dwQ0bmPL3s44EKVencOqwIY69myoS3rdpO1NPg5xPM5ymKu7nfX4oYJrpMxv8G9iqLsnL4A==}
    engines: {node: '>= 10'}
    cpu: [x64]
    os: [darwin]

  '@next/swc-linux-arm64-gnu@14.2.30':
    resolution: {integrity: sha512-I5lg1fgPJ7I5dk6mr3qCH1hJYKJu1FsfKSiTKoYwcuUf53HWTrEkwmMI0t5ojFKeA6Vu+SfT2zVy5NS0QLXV4Q==}
    engines: {node: '>= 10'}
    cpu: [arm64]
    os: [linux]

  '@next/swc-linux-arm64-musl@14.2.30':
    resolution: {integrity: sha512-8GkNA+sLclQyxgzCDs2/2GSwBc92QLMrmYAmoP2xehe5MUKBLB2cgo34Yu242L1siSkwQkiV4YLdCnjwc/Micw==}
    engines: {node: '>= 10'}
    cpu: [arm64]
    os: [linux]

  '@next/swc-linux-x64-gnu@14.2.30':
    resolution: {integrity: sha512-8Ly7okjssLuBoe8qaRCcjGtcMsv79hwzn/63wNeIkzJVFVX06h5S737XNr7DZwlsbTBDOyI6qbL2BJB5n6TV/w==}
    engines: {node: '>= 10'}
    cpu: [x64]
    os: [linux]

  '@next/swc-linux-x64-musl@14.2.30':
    resolution: {integrity: sha512-dBmV1lLNeX4mR7uI7KNVHsGQU+OgTG5RGFPi3tBJpsKPvOPtg9poyav/BYWrB3GPQL4dW5YGGgalwZ79WukbKQ==}
    engines: {node: '>= 10'}
    cpu: [x64]
    os: [linux]

  '@next/swc-win32-arm64-msvc@14.2.30':
    resolution: {integrity: sha512-6MMHi2Qc1Gkq+4YLXAgbYslE1f9zMGBikKMdmQRHXjkGPot1JY3n5/Qrbg40Uvbi8//wYnydPnyvNhI1DMUW1g==}
    engines: {node: '>= 10'}
    cpu: [arm64]
    os: [win32]

  '@next/swc-win32-ia32-msvc@14.2.30':
    resolution: {integrity: sha512-pVZMnFok5qEX4RT59mK2hEVtJX+XFfak+/rjHpyFh7juiT52r177bfFKhnlafm0UOSldhXjj32b+LZIOdswGTg==}
    engines: {node: '>= 10'}
    cpu: [ia32]
    os: [win32]

  '@next/swc-win32-x64-msvc@14.2.30':
    resolution: {integrity: sha512-4KCo8hMZXMjpTzs3HOqOGYYwAXymXIy7PEPAXNEcEOyKqkjiDlECumrWziy+JEF0Oi4ILHGxzgQ3YiMGG2t/Lg==}
    engines: {node: '>= 10'}
    cpu: [x64]
    os: [win32]

  '@swc/counter@0.1.3':
    resolution: {integrity: sha512-e2BR4lsJkkRlKZ/qCHPw9ZaSxc0MVUd7gtbtaB7aMvHeJVYe8sOB8DBZkP2DtISHGSku9sCK6T6cnY0CtXrOCQ==}

  '@swc/helpers@0.5.5':
    resolution: {integrity: sha512-KGYxvIOXcceOAbEk4bi/dVLEK9z8sZ0uBB3Il5b1rhfClSpcX0yfRO0KmTkqR2cnQDymwLB+25ZyMzICg/cm/A==}

  '@types/node@16.11.7':
    resolution: {integrity: sha512-QB5D2sqfSjCmTuWcBWyJ+/44bcjO7VbjSbOE0ucoVbAsSNQc4Lt6QkgkVXkTDwkL4z/beecZNDvVX15D4P8Jbw==}

  '@types/prop-types@15.7.15':
    resolution: {integrity: sha512-F6bEyamV9jKGAFBEmlQnesRPGOQqS2+Uwi0Em15xenOxHaf2hv6L8YCVn3rPdPJOiJfPiCnLIRyvwVaqMY3MIw==}

  '@types/react@18.0.17':
    resolution: {integrity: sha512-38ETy4tL+rn4uQQi7mB81G7V1g0u2ryquNmsVIOKUAEIDK+3CUjZ6rSRpdvS99dNBnkLFL83qfmtLacGOTIhwQ==}

  '@types/scheduler@0.26.0':
    resolution: {integrity: sha512-WFHp9YUJQ6CKshqoC37iOlHnQSmxNc795UhB26CyBBttrN9svdIrUjl/NjnNmfcwtncN0h/0PPAFWv9ovP8mLA==}

  '@vercel/analytics@1.0.1':
    resolution: {integrity: sha512-Ux0c9qUfkcPqng3vrR0GTrlQdqNJ2JREn/2ydrVuKwM3RtMfF2mWX31Ijqo1opSjNAq6rK76PwtANw6kl6TAow==}

  '@vercel/speed-insights@1.2.0':
    resolution: {integrity: sha512-y9GVzrUJ2xmgtQlzFP2KhVRoCglwfRQgjyfY607aU0hh0Un6d0OUyrJkjuAlsV18qR4zfoFPs/BiIj9YDS6Wzw==}
    peerDependencies:
      '@sveltejs/kit': ^1 || ^2
      next: '>= 13'
      react: ^18 || ^19 || ^19.0.0-rc
      svelte: '>= 4'
      vue: ^3
      vue-router: ^4
    peerDependenciesMeta:
      '@sveltejs/kit':
        optional: true
      next:
        optional: true
      react:
        optional: true
      svelte:
        optional: true
      vue:
        optional: true
      vue-router:
        optional: true

  busboy@1.6.0:
    resolution: {integrity: sha512-8SFQbg/0hQ9xy3UNTB0YEnsNBbWfhf7RtnzpL7TkBiTBRfrQ9Fxcnz7VJsleJpyp6rVLvXiuORqjlHi5q+PYuA==}
    engines: {node: '>=10.16.0'}

  caniuse-lite@1.0.30001726:
    resolution: {integrity: sha512-VQAUIUzBiZ/UnlM28fSp2CRF3ivUn1BWEvxMcVTNwpw91Py1pGbPIyIKtd+tzct9C3ouceCVdGAXxZOpZAsgdw==}

  client-only@0.0.1:
    resolution: {integrity: sha512-IV3Ou0jSMzZrd3pZ48nLkT9DA7Ag1pnPzaiQhpW7c3RbcqqzvzzVu+L8gfqMp/8IM2MQtSiqaCxrrcfu8I8rMA==}

  country-emoji@1.5.0:
    resolution: {integrity: sha512-aLAFkrOR0mp1+Moi/G282smnAm3hybQOkhnu5e3NR1pj/LclN2qaJlcQ1zK0K6pQmRBdkddgVboeEa5UIU/Wcg==}

  csstype@3.1.3:
    resolution: {integrity: sha512-M1uQkMl8rQK/szD0LNhtqxIPLpimGm8sOBwU7lLnCpSbTyY3yeU1Vc7l4KT5zT4s/yOxHH5O7tIuuLOCnLADRw==}

  graceful-fs@4.2.11:
    resolution: {integrity: sha512-RbJ5/jmFcNNCcDV5o9eTnBLJ/HszWV0P73bc+Ff4nS/rJj+YaS6IGyiOL0VoBYX+l1Wrl3k63h/KrH+nhJ0XvQ==}

  js-tokens@4.0.0:
    resolution: {integrity: sha512-RdJUflcE3cUzKiMqQgsCu06FPu9UdIJO0beYbPhHN4k6apgJtifcoCtT9bcxOpYBtpD2kCM6Sbzg4CausW/PKQ==}

  loose-envify@1.4.0:
    resolution: {integrity: sha512-lyuxPGr/Wfhrlem2CL/UcnUc1zcqKAImBDzukY7Y5F/yQiNdko6+fRLevlw1HgMySw7f611UIY408EtxRSoK3Q==}
    hasBin: true

  nanoid@3.3.11:
    resolution: {integrity: sha512-N8SpfPUnUp1bK+PMYW8qSWdl9U+wwNWI4QKxOYDy9JAro3WMX7p2OeVRF9v+347pnakNevPmiHhNmZ2HbFA76w==}
    engines: {node: ^10 || ^12 || ^13.7 || ^14 || >=15.0.1}
    hasBin: true

  next@14.2.30:
    resolution: {integrity: sha512-+COdu6HQrHHFQ1S/8BBsCag61jZacmvbuL2avHvQFbWa2Ox7bE+d8FyNgxRLjXQ5wtPyQwEmk85js/AuaG2Sbg==}
    engines: {node: '>=18.17.0'}
    hasBin: true
    peerDependencies:
      '@opentelemetry/api': ^1.1.0
      '@playwright/test': ^1.41.2
      react: ^18.2.0
      react-dom: ^18.2.0
      sass: ^1.3.0
    peerDependenciesMeta:
      '@opentelemetry/api':
        optional: true
      '@playwright/test':
        optional: true
      sass:
        optional: true

  picocolors@1.1.1:
    resolution: {integrity: sha512-xceH2snhtb5M9liqDsmEw56le376mTZkEX/jEb/RxNFyegNul7eNslCXP9FDj/Lcu0X8KEyMceP2ntpaHrDEVA==}

  postcss@8.4.31:
    resolution: {integrity: sha512-PS08Iboia9mts/2ygV3eLpY5ghnUcfLV/EXTOW1E2qYxJKGGBUtNjN76FYHnMs36RmARn41bC0AZmn+rR0OVpQ==}
    engines: {node: ^10 || ^12 || >=14}

  prettier@2.8.8:
    resolution: {integrity: sha512-tdN8qQGvNjw4CHbY+XXk0JgCXn9QiF21a55rBe5LJAU+kDyC4WQn4+awm2Xfk2lQMk5fKup9XgzTZtGkjBdP9Q==}
    engines: {node: '>=10.13.0'}
    hasBin: true

  react-dom@18.2.0:
    resolution: {integrity: sha512-6IMTriUmvsjHUjNtEDudZfuDQUoWXVxKHhlEGSk81n4YFS+r/Kl99wXiwlVXtPBtJenozv2P+hxDsw9eA7Xo6g==}
    peerDependencies:
      react: ^18.2.0

  react@18.2.0:
    resolution: {integrity: sha512-/3IjMdb2L9QbBdWiW5e3P2/npwMBaU9mHCSCUzNln0ZCYbcfTsGbTJrU/kGemdH2IWmB2ioZ+zkxtmq6g09fGQ==}
    engines: {node: '>=0.10.0'}

  scheduler@0.23.2:
    resolution: {integrity: sha512-UOShsPwz7NrMUqhR6t0hWjFduvOzbtv7toDH1/hIrfRNIDBnnBWd0CwJTGvTpngVlmwGCdP9/Zl/tVrDqcuYzQ==}

  source-map-js@1.2.1:
    resolution: {integrity: sha512-UXWMKhLOwVKb728IUtQPXxfYU+usdybtUrK/8uGE8CQMvrhOpwvzDBwj0QhSL7MQc7vIsISBG8VQ8+IDQxpfQA==}
    engines: {node: '>=0.10.0'}

  streamsearch@1.1.0:
    resolution: {integrity: sha512-Mcc5wHehp9aXz1ax6bZUyY5afg9u2rv5cqQI3mRrYkGC8rW2hM02jWuwjtL++LS5qinSyhj2QfLyNsuc+VsExg==}
    engines: {node: '>=10.0.0'}

  styled-jsx@5.1.1:
    resolution: {integrity: sha512-pW7uC1l4mBZ8ugbiZrcIsiIvVx1UmTfw7UkC3Um2tmfUq9Bhk8IiyEIPl6F8agHgjzku6j0xQEZbfA5uSgSaCw==}
    engines: {node: '>= 12.0.0'}
    peerDependencies:
      '@babel/core': '*'
      babel-plugin-macros: '*'
      react: '>= 16.8.0 || 17.x.x || ^18.0.0-0'
    peerDependenciesMeta:
      '@babel/core':
        optional: true
      babel-plugin-macros:
        optional: true

  tslib@2.8.1:
    resolution: {integrity: sha512-oJFu94HQb+KVduSUQL7wnpmqnfmLsOA/nAh6b6EH0wCEoK0/mPeXU6c3wKDV83MkOuHPRHtSXKKU99IBazS/2w==}

  typescript@5.1.3:
    resolution: {integrity: sha512-XH627E9vkeqhlZFQuL+UsyAXEnibT0kWR2FWONlr4sTjvxyJYnyefgrkyECLzM5NenmKzRAy2rR/OlYLA1HkZw==}
    engines: {node: '>=14.17'}
    hasBin: true

snapshots:

  '@next/env@14.2.30': {}

  '@next/swc-darwin-arm64@14.2.30':
    optional: true

  '@next/swc-darwin-x64@14.2.30':
    optional: true

  '@next/swc-linux-arm64-gnu@14.2.30':
    optional: true

  '@next/swc-linux-arm64-musl@14.2.30':
    optional: true

  '@next/swc-linux-x64-gnu@14.2.30':
    optional: true

  '@next/swc-linux-x64-musl@14.2.30':
    optional: true

  '@next/swc-win32-arm64-msvc@14.2.30':
    optional: true

  '@next/swc-win32-ia32-msvc@14.2.30':
    optional: true

  '@next/swc-win32-x64-msvc@14.2.30':
    optional: true

  '@swc/counter@0.1.3': {}

  '@swc/helpers@0.5.5':
    dependencies:
      '@swc/counter': 0.1.3
      tslib: 2.8.1

  '@types/node@16.11.7': {}

  '@types/prop-types@15.7.15': {}

  '@types/react@18.0.17':
    dependencies:
      '@types/prop-types': 15.7.15
      '@types/scheduler': 0.26.0
      csstype: 3.1.3

  '@types/scheduler@0.26.0': {}

  '@vercel/analytics@1.0.1': {}

  '@vercel/speed-insights@1.2.0(next@14.2.30(react-dom@18.2.0(react@18.2.0))(react@18.2.0))(react@18.2.0)':
    optionalDependencies:
      next: 14.2.30(react-dom@18.2.0(react@18.2.0))(react@18.2.0)
      react: 18.2.0

  busboy@1.6.0:
    dependencies:
      streamsearch: 1.1.0

  caniuse-lite@1.0.30001726: {}

  client-only@0.0.1: {}

  country-emoji@1.5.0: {}

  csstype@3.1.3: {}

  graceful-fs@4.2.11: {}

  js-tokens@4.0.0: {}

  loose-envify@1.4.0:
    dependencies:
      js-tokens: 4.0.0

  nanoid@3.3.11: {}

  next@14.2.30(react-dom@18.2.0(react@18.2.0))(react@18.2.0):
    dependencies:
      '@next/env': 14.2.30
      '@swc/helpers': 0.5.5
      busboy: 1.6.0
      caniuse-lite: 1.0.30001726
      graceful-fs: 4.2.11
      postcss: 8.4.31
      react: 18.2.0
      react-dom: 18.2.0(react@18.2.0)
      styled-jsx: 5.1.1(react@18.2.0)
    optionalDependencies:
      '@next/swc-darwin-arm64': 14.2.30
      '@next/swc-darwin-x64': 14.2.30
      '@next/swc-linux-arm64-gnu': 14.2.30
      '@next/swc-linux-arm64-musl': 14.2.30
      '@next/swc-linux-x64-gnu': 14.2.30
      '@next/swc-linux-x64-musl': 14.2.30
      '@next/swc-win32-arm64-msvc': 14.2.30
      '@next/swc-win32-ia32-msvc': 14.2.30
      '@next/swc-win32-x64-msvc': 14.2.30
    transitivePeerDependencies:
      - '@babel/core'
      - babel-plugin-macros

  picocolors@1.1.1: {}

  postcss@8.4.31:
    dependencies:
      nanoid: 3.3.11
      picocolors: 1.1.1
      source-map-js: 1.2.1

  prettier@2.8.8: {}

  react-dom@18.2.0(react@18.2.0):
    dependencies:
      loose-envify: 1.4.0
      react: 18.2.0
      scheduler: 0.23.2

  react@18.2.0:
    dependencies:
      loose-envify: 1.4.0

  scheduler@0.23.2:
    dependencies:
      loose-envify: 1.4.0

  source-map-js@1.2.1: {}

  streamsearch@1.1.0: {}

  styled-jsx@5.1.1(react@18.2.0):
    dependencies:
      client-only: 0.0.1
      react: 18.2.0

  tslib@2.8.1: {}

  typescript@5.1.3: {}
